
Microsoft Visual Studio Solution File, Format Version 12.00
# Visual Studio 2013
VisualStudioVersion = 12.0.31101.0
MinimumVisualStudioVersion = 10.0.40219.1
Project("{FAE04EC0-301F-11D3-BF4B-00C04F79EFBC}") = "Navigation.JS", "NavigationJS\Navigation.JS.csproj", "{7FE4CE3F-487F-4265-B642-CA7E528B99F7}"
EndProject
Project("{FAE04EC0-301F-11D3-BF4B-00C04F79EFBC}") = "Navigation.Knockout", "NavigationKnockout\Navigation.Knockout.csproj", "{D64EB524-2B9C-4756-8E94-34674F7FE2E1}"
EndProject
Project("{FAE04EC0-301F-11D3-BF4B-00C04F79EFBC}") = "Navigation.Angular", "NavigationAngular\Navigation.Angular.csproj", "{2A89BED3-A3FE-4A5F-BFBD-26FD7234D2EA}"
EndProject
Project("{FAE04EC0-301F-11D3-BF4B-00C04F79EFBC}") = "Navigation.React", "NavigationReact\Navigation.React.csproj", "{386D5116-FBD9-4660-9F3E-AE7E51F1302E}"
EndProject
Global
	GlobalSection(SolutionConfigurationPlatforms) = preSolution
		Debug|Any CPU = Debug|Any CPU
		Release|Any CPU = Release|Any CPU
	EndGlobalSection
	GlobalSection(ProjectConfigurationPlatforms) = postSolution
		{7FE4CE3F-487F-4265-B642-CA7E528B99F7}.Debug|Any CPU.ActiveCfg = Debug|Any CPU
		{7FE4CE3F-487F-4265-B642-CA7E528B99F7}.Debug|Any CPU.Build.0 = Debug|Any CPU
		{7FE4CE3F-487F-4265-B642-CA7E528B99F7}.Release|Any CPU.ActiveCfg = Release|Any CPU
		{7FE4CE3F-487F-4265-B642-CA7E528B99F7}.Release|Any CPU.Build.0 = Release|Any CPU
		{D64EB524-2B9C-4756-8E94-34674F7FE2E1}.Debug|Any CPU.ActiveCfg = Debug|Any CPU
		{D64EB524-2B9C-4756-8E94-34674F7FE2E1}.Debug|Any CPU.Build.0 = Debug|Any CPU
		{D64EB524-2B9C-4756-8E94-34674F7FE2E1}.Release|Any CPU.ActiveCfg = Release|Any CPU
		{D64EB524-2B9C-4756-8E94-34674F7FE2E1}.Release|Any CPU.Build.0 = Release|Any CPU
		{2A89BED3-A3FE-4A5F-BFBD-26FD7234D2EA}.Debug|Any CPU.ActiveCfg = Debug|Any CPU
		{2A89BED3-A3FE-4A5F-BFBD-26FD7234D2EA}.Debug|Any CPU.Build.0 = Debug|Any CPU
		{2A89BED3-A3FE-4A5F-BFBD-26FD7234D2EA}.Release|Any CPU.ActiveCfg = Release|Any CPU
		{2A89BED3-A3FE-4A5F-BFBD-26FD7234D2EA}.Release|Any CPU.Build.0 = Release|Any CPU
		{386D5116-FBD9-4660-9F3E-AE7E51F1302E}.Debug|Any CPU.ActiveCfg = Debug|Any CPU
		{386D5116-FBD9-4660-9F3E-AE7E51F1302E}.Debug|Any CPU.Build.0 = Debug|Any CPU
		{386D5116-FBD9-4660-9F3E-AE7E51F1302E}.Release|Any CPU.ActiveCfg = Release|Any CPU
		{386D5116-FBD9-4660-9F3E-AE7E51F1302E}.Release|Any CPU.Build.0 = Release|Any CPU
	EndGlobalSection
	GlobalSection(SolutionProperties) = preSolution
		HideSolutionNode = FALSE
	EndGlobalSection
EndGlobal
