
Microsoft Visual Studio Solution File, Format Version 12.00
# Visual Studio 2013
VisualStudioVersion = 12.0.30110.0
MinimumVisualStudioVersion = 10.0.40219.1
Project("{FAE04EC0-301F-11D3-BF4B-00C04F79EFBC}") = "Navigation", "Navigation\Navigation.csproj", "{4AB8290D-41D9-4BC0-B7B5-A430B067BE65}"
EndProject
Project("{FAE04EC0-301F-11D3-BF4B-00C04F79EFBC}") = "Navigation.Test", "Navigation.Test\Navigation.Test.csproj", "{61805D4A-567A-49E8-9F36-83EBB1FFD8FE}"
EndProject
Project("{FAE04EC0-301F-11D3-BF4B-00C04F79EFBC}") = "Dsl", "Dsl\Dsl.csproj", "{01122BB5-5405-4F15-A5AB-95D19AD69660}"
EndProject
Project("{FAE04EC0-301F-11D3-BF4B-00C04F79EFBC}") = "DslPackage", "DslPackage\DslPackage.csproj", "{31B85516-ADF3-4749-AF51-C0B95884C5B7}"
EndProject
Project("{FAE04EC0-301F-11D3-BF4B-00C04F79EFBC}") = "Navigation.Designer.Test", "NavigationDesigner.Test\Navigation.Designer.Test.csproj", "{EA607C30-3CB1-4414-9315-7456A7231DA7}"
EndProject
Project("{FAE04EC0-301F-11D3-BF4B-00C04F79EFBC}") = "Navigation.Glimpse", "NavigationGlimpse\Navigation.Glimpse.csproj", "{661DE0E9-E01C-40E9-9FF4-262592FBE945}"
EndProject
Project("{2150E333-8FDC-42A3-9474-1A3956D46DE8}") = ".nuget", ".nuget", "{064D6A1D-380D-4DA1-BC92-DD167B569716}"
	ProjectSection(SolutionItems) = preProject
		.nuget\NuGet.Config = .nuget\NuGet.Config
		.nuget\NuGet.exe = .nuget\NuGet.exe
		.nuget\NuGet.targets = .nuget\NuGet.targets
	EndProjectSection
EndProject
Project("{FAE04EC0-301F-11D3-BF4B-00C04F79EFBC}") = "Navigation.Glimpse.Test", "NavigationGlimpse.Test\Navigation.Glimpse.Test.csproj", "{AA8EA8FF-3CDC-4BC7-AFB3-53E81E1C33D4}"
EndProject
Project("{FAE04EC0-301F-11D3-BF4B-00C04F79EFBC}") = "Navigation.Sample", "NavigationSample\Navigation.Sample.csproj", "{71BBF563-1A93-4802-8417-CD5767E4D2B4}"
EndProject
Project("{FAE04EC0-301F-11D3-BF4B-00C04F79EFBC}") = "Navigation.Sample.Test", "NavigationSample.Test\Navigation.Sample.Test.csproj", "{B54A05B6-F329-4B9F-BF20-7D4AD49E741E}"
EndProject
Project("{FAE04EC0-301F-11D3-BF4B-00C04F79EFBC}") = "Navigation.Mvc", "NavigationMvc\Navigation.Mvc.csproj", "{C8FA6A79-41B1-4C63-9975-3B7A2E60951B}"
EndProject
Global
	GlobalSection(SolutionConfigurationPlatforms) = preSolution
		Debug|Any CPU = Debug|Any CPU
		Release|Any CPU = Release|Any CPU
	EndGlobalSection
	GlobalSection(ProjectConfigurationPlatforms) = postSolution
		{4AB8290D-41D9-4BC0-B7B5-A430B067BE65}.Debug|Any CPU.ActiveCfg = Debug|Any CPU
		{4AB8290D-41D9-4BC0-B7B5-A430B067BE65}.Debug|Any CPU.Build.0 = Debug|Any CPU
		{4AB8290D-41D9-4BC0-B7B5-A430B067BE65}.Release|Any CPU.ActiveCfg = Release|Any CPU
		{4AB8290D-41D9-4BC0-B7B5-A430B067BE65}.Release|Any CPU.Build.0 = Release|Any CPU
		{61805D4A-567A-49E8-9F36-83EBB1FFD8FE}.Debug|Any CPU.ActiveCfg = Debug|Any CPU
		{61805D4A-567A-49E8-9F36-83EBB1FFD8FE}.Debug|Any CPU.Build.0 = Debug|Any CPU
		{61805D4A-567A-49E8-9F36-83EBB1FFD8FE}.Release|Any CPU.ActiveCfg = Release|Any CPU
		{61805D4A-567A-49E8-9F36-83EBB1FFD8FE}.Release|Any CPU.Build.0 = Release|Any CPU
		{01122BB5-5405-4F15-A5AB-95D19AD69660}.Debug|Any CPU.ActiveCfg = Debug|Any CPU
		{01122BB5-5405-4F15-A5AB-95D19AD69660}.Debug|Any CPU.Build.0 = Debug|Any CPU
		{01122BB5-5405-4F15-A5AB-95D19AD69660}.Release|Any CPU.ActiveCfg = Release|Any CPU
		{01122BB5-5405-4F15-A5AB-95D19AD69660}.Release|Any CPU.Build.0 = Release|Any CPU
		{31B85516-ADF3-4749-AF51-C0B95884C5B7}.Debug|Any CPU.ActiveCfg = Debug|Any CPU
		{31B85516-ADF3-4749-AF51-C0B95884C5B7}.Debug|Any CPU.Build.0 = Debug|Any CPU
		{31B85516-ADF3-4749-AF51-C0B95884C5B7}.Release|Any CPU.ActiveCfg = Release|Any CPU
		{31B85516-ADF3-4749-AF51-C0B95884C5B7}.Release|Any CPU.Build.0 = Release|Any CPU
		{EA607C30-3CB1-4414-9315-7456A7231DA7}.Debug|Any CPU.ActiveCfg = Debug|Any CPU
		{EA607C30-3CB1-4414-9315-7456A7231DA7}.Debug|Any CPU.Build.0 = Debug|Any CPU
		{EA607C30-3CB1-4414-9315-7456A7231DA7}.Release|Any CPU.ActiveCfg = Release|Any CPU
		{EA607C30-3CB1-4414-9315-7456A7231DA7}.Release|Any CPU.Build.0 = Release|Any CPU
		{661DE0E9-E01C-40E9-9FF4-262592FBE945}.Debug|Any CPU.ActiveCfg = Debug|Any CPU
		{661DE0E9-E01C-40E9-9FF4-262592FBE945}.Debug|Any CPU.Build.0 = Debug|Any CPU
		{661DE0E9-E01C-40E9-9FF4-262592FBE945}.Release|Any CPU.ActiveCfg = Release|Any CPU
		{661DE0E9-E01C-40E9-9FF4-262592FBE945}.Release|Any CPU.Build.0 = Release|Any CPU
		{AA8EA8FF-3CDC-4BC7-AFB3-53E81E1C33D4}.Debug|Any CPU.ActiveCfg = Debug|Any CPU
		{AA8EA8FF-3CDC-4BC7-AFB3-53E81E1C33D4}.Debug|Any CPU.Build.0 = Debug|Any CPU
		{AA8EA8FF-3CDC-4BC7-AFB3-53E81E1C33D4}.Release|Any CPU.ActiveCfg = Release|Any CPU
		{AA8EA8FF-3CDC-4BC7-AFB3-53E81E1C33D4}.Release|Any CPU.Build.0 = Release|Any CPU
		{71BBF563-1A93-4802-8417-CD5767E4D2B4}.Debug|Any CPU.ActiveCfg = Debug|Any CPU
		{71BBF563-1A93-4802-8417-CD5767E4D2B4}.Debug|Any CPU.Build.0 = Debug|Any CPU
		{71BBF563-1A93-4802-8417-CD5767E4D2B4}.Release|Any CPU.ActiveCfg = Release|Any CPU
		{71BBF563-1A93-4802-8417-CD5767E4D2B4}.Release|Any CPU.Build.0 = Release|Any CPU
		{B54A05B6-F329-4B9F-BF20-7D4AD49E741E}.Debug|Any CPU.ActiveCfg = Debug|Any CPU
		{B54A05B6-F329-4B9F-BF20-7D4AD49E741E}.Debug|Any CPU.Build.0 = Debug|Any CPU
		{B54A05B6-F329-4B9F-BF20-7D4AD49E741E}.Release|Any CPU.ActiveCfg = Release|Any CPU
		{B54A05B6-F329-4B9F-BF20-7D4AD49E741E}.Release|Any CPU.Build.0 = Release|Any CPU
		{C8FA6A79-41B1-4C63-9975-3B7A2E60951B}.Debug|Any CPU.ActiveCfg = Debug|Any CPU
		{C8FA6A79-41B1-4C63-9975-3B7A2E60951B}.Debug|Any CPU.Build.0 = Debug|Any CPU
		{C8FA6A79-41B1-4C63-9975-3B7A2E60951B}.Release|Any CPU.ActiveCfg = Release|Any CPU
		{C8FA6A79-41B1-4C63-9975-3B7A2E60951B}.Release|Any CPU.Build.0 = Release|Any CPU
	EndGlobalSection
	GlobalSection(SolutionProperties) = preSolution
		HideSolutionNode = FALSE
	EndGlobalSection
	GlobalSection(TestCaseManagementSettings) = postSolution
		CategoryFile = Navigation.vsmdi
	EndGlobalSection
EndGlobal
