
Microsoft Visual Studio Solution File, Format Version 12.00
# Visual Studio 2013
VisualStudioVersion = 12.0.30110.0
MinimumVisualStudioVersion = 10.0.40219.1
Project("{FAE04EC0-301F-11D3-BF4B-00C04F79EFBC}") = "Navigation.Designer.Debug", "Navigation.Designer.Debug.csproj", "{AB3622C7-4AE0-4F6A-8460-8491BA300904}"
EndProject
Global
	GlobalSection(SolutionConfigurationPlatforms) = preSolution
		Debug|Any CPU = Debug|Any CPU
		Release|Any CPU = Release|Any CPU
	EndGlobalSection
	GlobalSection(ProjectConfigurationPlatforms) = postSolution
		{AB3622C7-4AE0-4F6A-8460-8491BA300904}.Debug|Any CPU.ActiveCfg = Debug|Any CPU
		{AB3622C7-4AE0-4F6A-8460-8491BA300904}.Debug|Any CPU.Build.0 = Debug|Any CPU
		{AB3622C7-4AE0-4F6A-8460-8491BA300904}.Release|Any CPU.ActiveCfg = Release|Any CPU
		{AB3622C7-4AE0-4F6A-8460-8491BA300904}.Release|Any CPU.Build.0 = Release|Any CPU
	EndGlobalSection
	GlobalSection(SolutionProperties) = preSolution
		HideSolutionNode = FALSE
	EndGlobalSection
	GlobalSection(TextTemplating) = postSolution
		TextTemplating = 1
	EndGlobalSection
EndGlobal
