// !$*UTF8*$!
{
	archiveVersion = 1;
	classes = {
	};
	objectVersion = 50;
	objects = {

/* Begin PBXBuildFile section */
		70153012229D1F4800903FA7 /* NVSearchResultsController.m in Sources */ = {isa = PBXBuildFile; fileRef = 70153011229D1F4800903FA7 /* NVSearchResultsController.m */; };
		70587C86229A8688009457B7 /* NVSearchBarView.m in Sources */ = {isa = PBXBuildFile; fileRef = 70587C85229A8688009457B7 /* NVSearchBarView.m */; };
		70587C89229A86B8009457B7 /* NVSearchBarManager.m in Sources */ = {isa = PBXBuildFile; fileRef = 70587C88229A86B8009457B7 /* NVSearchBarManager.m */; };
		704B593C22A2AC14008C05C6 /* NVNavigationStackView.m in Sources */ = {isa = PBXBuildFile; fileRef = 704B593B22A2AC14008C05C6 /* NVNavigationStackView.m */; };
		704B594022A2AC3A008C05C6 /* NVNavigationStackManager.m in Sources */ = {isa = PBXBuildFile; fileRef = 704B593F22A2AC3A008C05C6 /* NVNavigationStackManager.m */; };
		704B594222A2AC56008C05C6 /* NVSceneView.m in Sources */ = {isa = PBXBuildFile; fileRef = 704B594122A2AC56008C05C6 /* NVSceneView.m */; };
		704B594622A2AC77008C05C6 /* NVSceneManager.m in Sources */ = {isa = PBXBuildFile; fileRef = 704B594522A2AC77008C05C6 /* NVSceneManager.m */; };
		709F32CF22A7FF9C00A0358A /* NVTabBarView.m in Sources */ = {isa = PBXBuildFile; fileRef = 709F32CE22A7FF9C00A0358A /* NVTabBarView.m */; };
		709F32D322A7FFBF00A0358A /* NVTabBarManager.m in Sources */ = {isa = PBXBuildFile; fileRef = 709F32D222A7FFBF00A0358A /* NVTabBarManager.m */; };
		709F32D522A7FFD600A0358A /* NVTabBarItemView.m in Sources */ = {isa = PBXBuildFile; fileRef = 709F32D422A7FFD600A0358A /* NVTabBarItemView.m */; };
		709F32D922A7FFFA00A0358A /* NVTabBarItemManager.m in Sources */ = {isa = PBXBuildFile; fileRef = 709F32D822A7FFFA00A0358A /* NVTabBarItemManager.m */; };
		709F331222A8657700A0358A /* NVSceneController.m in Sources */ = {isa = PBXBuildFile; fileRef = 709F331122A8657700A0358A /* NVSceneController.m */; };
		70AFBC3221DCD2CC006355EE /* NVSharedElementManager.m in Sources */ = {isa = PBXBuildFile; fileRef = 70AFBC3121DCD2CC006355EE /* NVSharedElementManager.m */; };
		70AFBC3521DCD320006355EE /* NVSharedElementView.m in Sources */ = {isa = PBXBuildFile; fileRef = 70AFBC3421DCD320006355EE /* NVSharedElementView.m */; };
		70BB3291212B2BC700DE0D13 /* NVRightBarView.m in Sources */ = {isa = PBXBuildFile; fileRef = 70BB3290212B2BC700DE0D13 /* NVRightBarView.m */; };
		70BB3294212B2C0A00DE0D13 /* NVRightBarManager.m in Sources */ = {isa = PBXBuildFile; fileRef = 70BB3293212B2C0A00DE0D13 /* NVRightBarManager.m */; };
		70BB3298212B2C4000DE0D13 /* NVLeftBarView.m in Sources */ = {isa = PBXBuildFile; fileRef = 70BB3297212B2C4000DE0D13 /* NVLeftBarView.m */; };
		70BB329A212B2C5100DE0D13 /* NVLeftBarManager.m in Sources */ = {isa = PBXBuildFile; fileRef = 70BB3299212B2C5100DE0D13 /* NVLeftBarManager.m */; };
		70BB329E212B2C9000DE0D13 /* NVBarButtonManager.m in Sources */ = {isa = PBXBuildFile; fileRef = 70BB329D212B2C9000DE0D13 /* NVBarButtonManager.m */; };
		70BB32A0212B2CA000DE0D13 /* NVBarButtonView.m in Sources */ = {isa = PBXBuildFile; fileRef = 70BB329F212B2CA000DE0D13 /* NVBarButtonView.m */; };
		70BB32A4212B2D4100DE0D13 /* NVBarView.m in Sources */ = {isa = PBXBuildFile; fileRef = 70BB32A3212B2D4100DE0D13 /* NVBarView.m */; };
/* End PBXBuildFile section */

/* Begin PBXCopyFilesBuildPhase section */
		7020F6BC20ECD07A00E7A74E /* CopyFiles */ = {
			isa = PBXCopyFilesBuildPhase;
			buildActionMask = 2147483647;
			dstPath = "include/$(PRODUCT_NAME)";
			dstSubfolderSpec = 16;
			files = (
			);
			runOnlyForDeploymentPostprocessing = 0;
		};
/* End PBXCopyFilesBuildPhase section */

/* Begin PBXFileReference section */
		70153011229D1F4800903FA7 /* NVSearchResultsController.m */ = {isa = PBXFileReference; lastKnownFileType = sourcecode.c.objc; path = NVSearchResultsController.m; sourceTree = "<group>"; };
		70153013229D1F5500903FA7 /* NVSearchResultsController.h */ = {isa = PBXFileReference; lastKnownFileType = sourcecode.c.h; path = NVSearchResultsController.h; sourceTree = "<group>"; };
		7020F6BE20ECD07A00E7A74E /* libNavigationReactNative.a */ = {isa = PBXFileReference; explicitFileType = archive.ar; includeInIndex = 0; path = libNavigationReactNative.a; sourceTree = BUILT_PRODUCTS_DIR; };
		70587C84229A867A009457B7 /* NVSearchBarView.h */ = {isa = PBXFileReference; lastKnownFileType = sourcecode.c.h; path = NVSearchBarView.h; sourceTree = "<group>"; };
		70587C85229A8688009457B7 /* NVSearchBarView.m */ = {isa = PBXFileReference; lastKnownFileType = sourcecode.c.objc; path = NVSearchBarView.m; sourceTree = "<group>"; };
		70587C87229A86AA009457B7 /* NVSearchBarManager.h */ = {isa = PBXFileReference; lastKnownFileType = sourcecode.c.h; path = NVSearchBarManager.h; sourceTree = "<group>"; };
		70587C88229A86B8009457B7 /* NVSearchBarManager.m */ = {isa = PBXFileReference; lastKnownFileType = sourcecode.c.objc; path = NVSearchBarManager.m; sourceTree = "<group>"; };
		704B593B22A2AC14008C05C6 /* NVNavigationStackView.m */ = {isa = PBXFileReference; lastKnownFileType = sourcecode.c.objc; path = NVNavigationStackView.m; sourceTree = "<group>"; };
		704B593D22A2AC20008C05C6 /* NVNavigationStackView.h */ = {isa = PBXFileReference; lastKnownFileType = sourcecode.c.h; path = NVNavigationStackView.h; sourceTree = "<group>"; };
		704B593E22A2AC30008C05C6 /* NVNavigationStackManager.h */ = {isa = PBXFileReference; lastKnownFileType = sourcecode.c.h; path = NVNavigationStackManager.h; sourceTree = "<group>"; };
		704B593F22A2AC3A008C05C6 /* NVNavigationStackManager.m */ = {isa = PBXFileReference; lastKnownFileType = sourcecode.c.objc; path = NVNavigationStackManager.m; sourceTree = "<group>"; };
		704B594122A2AC56008C05C6 /* NVSceneView.m */ = {isa = PBXFileReference; lastKnownFileType = sourcecode.c.objc; path = NVSceneView.m; sourceTree = "<group>"; };
		704B594322A2AC61008C05C6 /* NVSceneView.h */ = {isa = PBXFileReference; lastKnownFileType = sourcecode.c.h; path = NVSceneView.h; sourceTree = "<group>"; };
		704B594422A2AC6D008C05C6 /* NVSceneManager.h */ = {isa = PBXFileReference; lastKnownFileType = sourcecode.c.h; path = NVSceneManager.h; sourceTree = "<group>"; };
		704B594522A2AC77008C05C6 /* NVSceneManager.m */ = {isa = PBXFileReference; lastKnownFileType = sourcecode.c.objc; path = NVSceneManager.m; sourceTree = "<group>"; };
		709F32CE22A7FF9C00A0358A /* NVTabBarView.m */ = {isa = PBXFileReference; lastKnownFileType = sourcecode.c.objc; path = NVTabBarView.m; sourceTree = "<group>"; };
		709F32D022A7FFA700A0358A /* NVTabBarView.h */ = {isa = PBXFileReference; lastKnownFileType = sourcecode.c.h; path = NVTabBarView.h; sourceTree = "<group>"; };
		709F32D122A7FFB600A0358A /* NVTabBarManager.h */ = {isa = PBXFileReference; lastKnownFileType = sourcecode.c.h; path = NVTabBarManager.h; sourceTree = "<group>"; };
		709F32D222A7FFBF00A0358A /* NVTabBarManager.m */ = {isa = PBXFileReference; lastKnownFileType = sourcecode.c.objc; path = NVTabBarManager.m; sourceTree = "<group>"; };
		709F32D422A7FFD600A0358A /* NVTabBarItemView.m */ = {isa = PBXFileReference; lastKnownFileType = sourcecode.c.objc; path = NVTabBarItemView.m; sourceTree = "<group>"; };
		709F32D622A7FFE100A0358A /* NVTabBarItemView.h */ = {isa = PBXFileReference; lastKnownFileType = sourcecode.c.h; path = NVTabBarItemView.h; sourceTree = "<group>"; };
		709F32D722A7FFF000A0358A /* NVTabBarItemManager.h */ = {isa = PBXFileReference; lastKnownFileType = sourcecode.c.h; path = NVTabBarItemManager.h; sourceTree = "<group>"; };
		709F32D822A7FFFA00A0358A /* NVTabBarItemManager.m */ = {isa = PBXFileReference; lastKnownFileType = sourcecode.c.objc; path = NVTabBarItemManager.m; sourceTree = "<group>"; };
		709F331122A8657700A0358A /* NVSceneController.m */ = {isa = PBXFileReference; lastKnownFileType = sourcecode.c.objc; path = NVSceneController.m; sourceTree = "<group>"; };
		709F331322A8658500A0358A /* NVSceneController.h */ = {isa = PBXFileReference; lastKnownFileType = sourcecode.c.h; path = NVSceneController.h; sourceTree = "<group>"; };
		70AFBC3121DCD2CC006355EE /* NVSharedElementManager.m */ = {isa = PBXFileReference; lastKnownFileType = sourcecode.c.objc; path = NVSharedElementManager.m; sourceTree = "<group>"; };
		70AFBC3321DCD2F6006355EE /* NVSharedElementManager.h */ = {isa = PBXFileReference; lastKnownFileType = sourcecode.c.h; path = NVSharedElementManager.h; sourceTree = "<group>"; };
		70AFBC3421DCD320006355EE /* NVSharedElementView.m */ = {isa = PBXFileReference; lastKnownFileType = sourcecode.c.objc; path = NVSharedElementView.m; sourceTree = "<group>"; };
		70AFBC3621DCD32A006355EE /* NVSharedElementView.h */ = {isa = PBXFileReference; lastKnownFileType = sourcecode.c.h; path = NVSharedElementView.h; sourceTree = "<group>"; };
		70BB3290212B2BC700DE0D13 /* NVRightBarView.m */ = {isa = PBXFileReference; lastKnownFileType = sourcecode.c.objc; path = NVRightBarView.m; sourceTree = "<group>"; };
		70BB3292212B2BEB00DE0D13 /* NVRightBarView.h */ = {isa = PBXFileReference; lastKnownFileType = sourcecode.c.h; path = NVRightBarView.h; sourceTree = "<group>"; };
		70BB3293212B2C0A00DE0D13 /* NVRightBarManager.m */ = {isa = PBXFileReference; lastKnownFileType = sourcecode.c.objc; path = NVRightBarManager.m; sourceTree = "<group>"; };
		70BB3295212B2C1400DE0D13 /* NVRightBarManager.h */ = {isa = PBXFileReference; lastKnownFileType = sourcecode.c.h; path = NVRightBarManager.h; sourceTree = "<group>"; };
		70BB3296212B2C3500DE0D13 /* NVLeftBarView.h */ = {isa = PBXFileReference; lastKnownFileType = sourcecode.c.h; path = NVLeftBarView.h; sourceTree = "<group>"; };
		70BB3297212B2C4000DE0D13 /* NVLeftBarView.m */ = {isa = PBXFileReference; lastKnownFileType = sourcecode.c.objc; path = NVLeftBarView.m; sourceTree = "<group>"; };
		70BB3299212B2C5100DE0D13 /* NVLeftBarManager.m */ = {isa = PBXFileReference; lastKnownFileType = sourcecode.c.objc; path = NVLeftBarManager.m; sourceTree = "<group>"; };
		70BB329B212B2C5900DE0D13 /* NVLeftBarManager.h */ = {isa = PBXFileReference; lastKnownFileType = sourcecode.c.h; path = NVLeftBarManager.h; sourceTree = "<group>"; };
		70BB329C212B2C7B00DE0D13 /* NVBarButtonManager.h */ = {isa = PBXFileReference; lastKnownFileType = sourcecode.c.h; path = NVBarButtonManager.h; sourceTree = "<group>"; };
		70BB329D212B2C9000DE0D13 /* NVBarButtonManager.m */ = {isa = PBXFileReference; lastKnownFileType = sourcecode.c.objc; path = NVBarButtonManager.m; sourceTree = "<group>"; };
		70BB329F212B2CA000DE0D13 /* NVBarButtonView.m */ = {isa = PBXFileReference; lastKnownFileType = sourcecode.c.objc; path = NVBarButtonView.m; sourceTree = "<group>"; };
		70BB32A1212B2CA900DE0D13 /* NVBarButtonView.h */ = {isa = PBXFileReference; lastKnownFileType = sourcecode.c.h; path = NVBarButtonView.h; sourceTree = "<group>"; };
		70BB32A2212B2D3700DE0D13 /* NVBarView.h */ = {isa = PBXFileReference; lastKnownFileType = sourcecode.c.h; path = NVBarView.h; sourceTree = "<group>"; };
		70BB32A3212B2D4100DE0D13 /* NVBarView.m */ = {isa = PBXFileReference; lastKnownFileType = sourcecode.c.objc; path = NVBarView.m; sourceTree = "<group>"; };
/* End PBXFileReference section */

/* Begin PBXFrameworksBuildPhase section */
		7020F6BB20ECD07A00E7A74E /* Frameworks */ = {
			isa = PBXFrameworksBuildPhase;
			buildActionMask = 2147483647;
			files = (
			);
			runOnlyForDeploymentPostprocessing = 0;
		};
/* End PBXFrameworksBuildPhase section */

/* Begin PBXGroup section */
		7020F6B520ECD07A00E7A74E = {
			isa = PBXGroup;
			children = (
				70153013229D1F5500903FA7 /* NVSearchResultsController.h */,
				70153011229D1F4800903FA7 /* NVSearchResultsController.m */,
				70587C88229A86B8009457B7 /* NVSearchBarManager.m */,
				70587C87229A86AA009457B7 /* NVSearchBarManager.h */,
				70587C85229A8688009457B7 /* NVSearchBarView.m */,
				70587C84229A867A009457B7 /* NVSearchBarView.h */,
				709F331322A8658500A0358A /* NVSceneController.h */,
				709F331122A8657700A0358A /* NVSceneController.m */,
				709F32D822A7FFFA00A0358A /* NVTabBarItemManager.m */,
				709F32D722A7FFF000A0358A /* NVTabBarItemManager.h */,
				709F32D622A7FFE100A0358A /* NVTabBarItemView.h */,
				709F32D422A7FFD600A0358A /* NVTabBarItemView.m */,
				709F32D222A7FFBF00A0358A /* NVTabBarManager.m */,
				709F32D122A7FFB600A0358A /* NVTabBarManager.h */,
				709F32D022A7FFA700A0358A /* NVTabBarView.h */,
				709F32CE22A7FF9C00A0358A /* NVTabBarView.m */,
				704B594522A2AC77008C05C6 /* NVSceneManager.m */,
				704B594422A2AC6D008C05C6 /* NVSceneManager.h */,
				704B594322A2AC61008C05C6 /* NVSceneView.h */,
				704B594122A2AC56008C05C6 /* NVSceneView.m */,
				704B593F22A2AC3A008C05C6 /* NVNavigationStackManager.m */,
				704B593E22A2AC30008C05C6 /* NVNavigationStackManager.h */,
				704B593D22A2AC20008C05C6 /* NVNavigationStackView.h */,
				704B593B22A2AC14008C05C6 /* NVNavigationStackView.m */,
				70AFBC3621DCD32A006355EE /* NVSharedElementView.h */,
				70AFBC3421DCD320006355EE /* NVSharedElementView.m */,
				70AFBC3321DCD2F6006355EE /* NVSharedElementManager.h */,
				70AFBC3121DCD2CC006355EE /* NVSharedElementManager.m */,
				70BB32A3212B2D4100DE0D13 /* NVBarView.m */,
				70BB32A2212B2D3700DE0D13 /* NVBarView.h */,
				70BB32A1212B2CA900DE0D13 /* NVBarButtonView.h */,
				70BB329F212B2CA000DE0D13 /* NVBarButtonView.m */,
				70BB329D212B2C9000DE0D13 /* NVBarButtonManager.m */,
				70BB329C212B2C7B00DE0D13 /* NVBarButtonManager.h */,
				70BB329B212B2C5900DE0D13 /* NVLeftBarManager.h */,
				70BB3299212B2C5100DE0D13 /* NVLeftBarManager.m */,
				70BB3297212B2C4000DE0D13 /* NVLeftBarView.m */,
				70BB3296212B2C3500DE0D13 /* NVLeftBarView.h */,
				70BB3295212B2C1400DE0D13 /* NVRightBarManager.h */,
				70BB3293212B2C0A00DE0D13 /* NVRightBarManager.m */,
				70BB3292212B2BEB00DE0D13 /* NVRightBarView.h */,
				70BB3290212B2BC700DE0D13 /* NVRightBarView.m */,
				7020F6BF20ECD07A00E7A74E /* Products */,
			);
			sourceTree = "<group>";
		};
		7020F6BF20ECD07A00E7A74E /* Products */ = {
			isa = PBXGroup;
			children = (
				7020F6BE20ECD07A00E7A74E /* libNavigationReactNative.a */,
			);
			name = Products;
			sourceTree = "<group>";
		};
/* End PBXGroup section */

/* Begin PBXNativeTarget section */
		7020F6BD20ECD07A00E7A74E /* NavigationReactNative */ = {
			isa = PBXNativeTarget;
			buildConfigurationList = 7020F6C720ECD07A00E7A74E /* Build configuration list for PBXNativeTarget "NavigationReactNative" */;
			buildPhases = (
				7020F6BA20ECD07A00E7A74E /* Sources */,
				7020F6BB20ECD07A00E7A74E /* Frameworks */,
				7020F6BC20ECD07A00E7A74E /* CopyFiles */,
			);
			buildRules = (
			);
			dependencies = (
			);
			name = NavigationReactNative;
			productName = NavigationReactNative;
			productReference = 7020F6BE20ECD07A00E7A74E /* libNavigationReactNative.a */;
			productType = "com.apple.product-type.library.static";
		};
/* End PBXNativeTarget section */

/* Begin PBXProject section */
		7020F6B620ECD07A00E7A74E /* Project object */ = {
			isa = PBXProject;
			attributes = {
				LastUpgradeCheck = 0940;
				ORGANIZATIONNAME = "Graham Mendick";
				TargetAttributes = {
					7020F6BD20ECD07A00E7A74E = {
						CreatedOnToolsVersion = 9.4.1;
					};
				};
			};
			buildConfigurationList = 7020F6B920ECD07A00E7A74E /* Build configuration list for PBXProject "NavigationReactNative" */;
			compatibilityVersion = "Xcode 9.3";
			developmentRegion = en;
			hasScannedForEncodings = 0;
			knownRegions = (
				en,
			);
			mainGroup = 7020F6B520ECD07A00E7A74E;
			productRefGroup = 7020F6BF20ECD07A00E7A74E /* Products */;
			projectDirPath = "";
			projectRoot = "";
			targets = (
				7020F6BD20ECD07A00E7A74E /* NavigationReactNative */,
			);
		};
/* End PBXProject section */

/* Begin PBXSourcesBuildPhase section */
		7020F6BA20ECD07A00E7A74E /* Sources */ = {
			isa = PBXSourcesBuildPhase;
			buildActionMask = 2147483647;
			files = (
				709F32CF22A7FF9C00A0358A /* NVTabBarView.m in Sources */,
				709F32D922A7FFFA00A0358A /* NVTabBarItemManager.m in Sources */,
				70BB329E212B2C9000DE0D13 /* NVBarButtonManager.m in Sources */,
				70BB3294212B2C0A00DE0D13 /* NVRightBarManager.m in Sources */,
				70153012229D1F4800903FA7 /* NVSearchResultsController.m in Sources */,
				70BB3291212B2BC700DE0D13 /* NVRightBarView.m in Sources */,
				704B593C22A2AC14008C05C6 /* NVNavigationStackView.m in Sources */,
				70AFBC3221DCD2CC006355EE /* NVSharedElementManager.m in Sources */,
				70587C89229A86B8009457B7 /* NVSearchBarManager.m in Sources */,
				709F32D322A7FFBF00A0358A /* NVTabBarManager.m in Sources */,
				709F32D522A7FFD600A0358A /* NVTabBarItemView.m in Sources */,
				70BB329A212B2C5100DE0D13 /* NVLeftBarManager.m in Sources */,
				70BB32A0212B2CA000DE0D13 /* NVBarButtonView.m in Sources */,
				70AFBC3521DCD320006355EE /* NVSharedElementView.m in Sources */,
				70BB32A4212B2D4100DE0D13 /* NVBarView.m in Sources */,
				70587C86229A8688009457B7 /* NVSearchBarView.m in Sources */,
				704B594622A2AC77008C05C6 /* NVSceneManager.m in Sources */,
				709F331222A8657700A0358A /* NVSceneController.m in Sources */,
				704B594022A2AC3A008C05C6 /* NVNavigationStackManager.m in Sources */,
				70BB3298212B2C4000DE0D13 /* NVLeftBarView.m in Sources */,
				704B594222A2AC56008C05C6 /* NVSceneView.m in Sources */,
			);
			runOnlyForDeploymentPostprocessing = 0;
		};
/* End PBXSourcesBuildPhase section */

/* Begin XCBuildConfiguration section */
		7020F6C520ECD07A00E7A74E /* Debug */ = {
			isa = XCBuildConfiguration;
			buildSettings = {
				ALWAYS_SEARCH_USER_PATHS = NO;
				CLANG_ANALYZER_NONNULL = YES;
				CLANG_ANALYZER_NUMBER_OBJECT_CONVERSION = YES_AGGRESSIVE;
				CLANG_CXX_LANGUAGE_STANDARD = "gnu++14";
				CLANG_CXX_LIBRARY = "libc++";
				CLANG_ENABLE_MODULES = YES;
				CLANG_ENABLE_OBJC_ARC = YES;
				CLANG_ENABLE_OBJC_WEAK = YES;
				CLANG_WARN_BLOCK_CAPTURE_AUTORELEASING = YES;
				CLANG_WARN_BOOL_CONVERSION = YES;
				CLANG_WARN_COMMA = YES;
				CLANG_WARN_CONSTANT_CONVERSION = YES;
				CLANG_WARN_DEPRECATED_OBJC_IMPLEMENTATIONS = YES;
				CLANG_WARN_DIRECT_OBJC_ISA_USAGE = YES_ERROR;
				CLANG_WARN_DOCUMENTATION_COMMENTS = YES;
				CLANG_WARN_EMPTY_BODY = YES;
				CLANG_WARN_ENUM_CONVERSION = YES;
				CLANG_WARN_INFINITE_RECURSION = YES;
				CLANG_WARN_INT_CONVERSION = YES;
				CLANG_WARN_NON_LITERAL_NULL_CONVERSION = YES;
				CLANG_WARN_OBJC_IMPLICIT_RETAIN_SELF = YES;
				CLANG_WARN_OBJC_LITERAL_CONVERSION = YES;
				CLANG_WARN_OBJC_ROOT_CLASS = YES_ERROR;
				CLANG_WARN_RANGE_LOOP_ANALYSIS = YES;
				CLANG_WARN_STRICT_PROTOTYPES = YES;
				CLANG_WARN_SUSPICIOUS_MOVE = YES;
				CLANG_WARN_UNGUARDED_AVAILABILITY = YES_AGGRESSIVE;
				CLANG_WARN_UNREACHABLE_CODE = YES;
				CLANG_WARN__DUPLICATE_METHOD_MATCH = YES;
				CODE_SIGN_IDENTITY = "iPhone Developer";
				COPY_PHASE_STRIP = NO;
				DEBUG_INFORMATION_FORMAT = dwarf;
				ENABLE_STRICT_OBJC_MSGSEND = YES;
				ENABLE_TESTABILITY = YES;
				GCC_C_LANGUAGE_STANDARD = gnu11;
				GCC_DYNAMIC_NO_PIC = NO;
				GCC_NO_COMMON_BLOCKS = YES;
				GCC_OPTIMIZATION_LEVEL = 0;
				GCC_PREPROCESSOR_DEFINITIONS = (
					"DEBUG=1",
					"$(inherited)",
				);
				GCC_WARN_64_TO_32_BIT_CONVERSION = YES;
				GCC_WARN_ABOUT_RETURN_TYPE = YES_ERROR;
				GCC_WARN_UNDECLARED_SELECTOR = YES;
				GCC_WARN_UNINITIALIZED_AUTOS = YES_AGGRESSIVE;
				GCC_WARN_UNUSED_FUNCTION = YES;
				GCC_WARN_UNUSED_VARIABLE = YES;
				IPHONEOS_DEPLOYMENT_TARGET = 11.4;
				MTL_ENABLE_DEBUG_INFO = YES;
				ONLY_ACTIVE_ARCH = YES;
				SDKROOT = iphoneos;
			};
			name = Debug;
		};
		7020F6C620ECD07A00E7A74E /* Release */ = {
			isa = XCBuildConfiguration;
			buildSettings = {
				ALWAYS_SEARCH_USER_PATHS = NO;
				CLANG_ANALYZER_NONNULL = YES;
				CLANG_ANALYZER_NUMBER_OBJECT_CONVERSION = YES_AGGRESSIVE;
				CLANG_CXX_LANGUAGE_STANDARD = "gnu++14";
				CLANG_CXX_LIBRARY = "libc++";
				CLANG_ENABLE_MODULES = YES;
				CLANG_ENABLE_OBJC_ARC = YES;
				CLANG_ENABLE_OBJC_WEAK = YES;
				CLANG_WARN_BLOCK_CAPTURE_AUTORELEASING = YES;
				CLANG_WARN_BOOL_CONVERSION = YES;
				CLANG_WARN_COMMA = YES;
				CLANG_WARN_CONSTANT_CONVERSION = YES;
				CLANG_WARN_DEPRECATED_OBJC_IMPLEMENTATIONS = YES;
				CLANG_WARN_DIRECT_OBJC_ISA_USAGE = YES_ERROR;
				CLANG_WARN_DOCUMENTATION_COMMENTS = YES;
				CLANG_WARN_EMPTY_BODY = YES;
				CLANG_WARN_ENUM_CONVERSION = YES;
				CLANG_WARN_INFINITE_RECURSION = YES;
				CLANG_WARN_INT_CONVERSION = YES;
				CLANG_WARN_NON_LITERAL_NULL_CONVERSION = YES;
				CLANG_WARN_OBJC_IMPLICIT_RETAIN_SELF = YES;
				CLANG_WARN_OBJC_LITERAL_CONVERSION = YES;
				CLANG_WARN_OBJC_ROOT_CLASS = YES_ERROR;
				CLANG_WARN_RANGE_LOOP_ANALYSIS = YES;
				CLANG_WARN_STRICT_PROTOTYPES = YES;
				CLANG_WARN_SUSPICIOUS_MOVE = YES;
				CLANG_WARN_UNGUARDED_AVAILABILITY = YES_AGGRESSIVE;
				CLANG_WARN_UNREACHABLE_CODE = YES;
				CLANG_WARN__DUPLICATE_METHOD_MATCH = YES;
				CODE_SIGN_IDENTITY = "iPhone Developer";
				COPY_PHASE_STRIP = NO;
				DEBUG_INFORMATION_FORMAT = "dwarf-with-dsym";
				ENABLE_NS_ASSERTIONS = NO;
				ENABLE_STRICT_OBJC_MSGSEND = YES;
				GCC_C_LANGUAGE_STANDARD = gnu11;
				GCC_NO_COMMON_BLOCKS = YES;
				GCC_WARN_64_TO_32_BIT_CONVERSION = YES;
				GCC_WARN_ABOUT_RETURN_TYPE = YES_ERROR;
				GCC_WARN_UNDECLARED_SELECTOR = YES;
				GCC_WARN_UNINITIALIZED_AUTOS = YES_AGGRESSIVE;
				GCC_WARN_UNUSED_FUNCTION = YES;
				GCC_WARN_UNUSED_VARIABLE = YES;
				IPHONEOS_DEPLOYMENT_TARGET = 11.4;
				MTL_ENABLE_DEBUG_INFO = NO;
				SDKROOT = iphoneos;
				VALIDATE_PRODUCT = YES;
			};
			name = Release;
		};
		7020F6C820ECD07A00E7A74E /* Debug */ = {
			isa = XCBuildConfiguration;
			buildSettings = {
				CODE_SIGN_STYLE = Automatic;
				OTHER_LDFLAGS = "-ObjC";
				PRODUCT_NAME = "$(TARGET_NAME)";
				SKIP_INSTALL = YES;
				TARGETED_DEVICE_FAMILY = "1,2";
			};
			name = Debug;
		};
		7020F6C920ECD07A00E7A74E /* Release */ = {
			isa = XCBuildConfiguration;
			buildSettings = {
				CODE_SIGN_STYLE = Automatic;
				OTHER_LDFLAGS = "-ObjC";
				PRODUCT_NAME = "$(TARGET_NAME)";
				SKIP_INSTALL = YES;
				TARGETED_DEVICE_FAMILY = "1,2";
			};
			name = Release;
		};
/* End XCBuildConfiguration section */

/* Begin XCConfigurationList section */
		7020F6B920ECD07A00E7A74E /* Build configuration list for PBXProject "NavigationReactNative" */ = {
			isa = XCConfigurationList;
			buildConfigurations = (
				7020F6C520ECD07A00E7A74E /* Debug */,
				7020F6C620ECD07A00E7A74E /* Release */,
			);
			defaultConfigurationIsVisible = 0;
			defaultConfigurationName = Release;
		};
		7020F6C720ECD07A00E7A74E /* Build configuration list for PBXNativeTarget "NavigationReactNative" */ = {
			isa = XCConfigurationList;
			buildConfigurations = (
				7020F6C820ECD07A00E7A74E /* Debug */,
				7020F6C920ECD07A00E7A74E /* Release */,
			);
			defaultConfigurationIsVisible = 0;
			defaultConfigurationName = Release;
		};
/* End XCConfigurationList section */
	};
	rootObject = 7020F6B620ECD07A00E7A74E /* Project object */;
}
